
Microsoft Visual Studio Solution File, Format Version 12.00
Project("{FAE04EC0-301F-11D3-BF4B-00C04F79EFBC}") = "MyPostgreSQL", "MyPostgreSQL\MyPostgreSQL.csproj", "{13AF8F1D-28C5-4A6C-B6FF-953F672A23A6}"
EndProject
Project("{FAE04EC0-301F-11D3-BF4B-00C04F79EFBC}") = "MyPostgreSQL.Tests", "MyPostgreSQL.Tests\MyPostgreSQL.Tests.csproj", "{AE76AAFD-BFD3-4EBC-9242-A87B77367233}"
EndProject
Global
	GlobalSection(SolutionConfigurationPlatforms) = preSolution
		Debug|Any CPU = Debug|Any CPU
		Release|Any CPU = Release|Any CPU
	EndGlobalSection
	GlobalSection(ProjectConfigurationPlatforms) = postSolution
		{13AF8F1D-28C5-4A6C-B6FF-953F672A23A6}.Debug|Any CPU.ActiveCfg = Debug|Any CPU
		{13AF8F1D-28C5-4A6C-B6FF-953F672A23A6}.Debug|Any CPU.Build.0 = Debug|Any CPU
		{13AF8F1D-28C5-4A6C-B6FF-953F672A23A6}.Release|Any CPU.ActiveCfg = Release|Any CPU
		{13AF8F1D-28C5-4A6C-B6FF-953F672A23A6}.Release|Any CPU.Build.0 = Release|Any CPU
		{AE76AAFD-BFD3-4EBC-9242-A87B77367233}.Debug|Any CPU.ActiveCfg = Debug|Any CPU
		{AE76AAFD-BFD3-4EBC-9242-A87B77367233}.Debug|Any CPU.Build.0 = Debug|Any CPU
		{AE76AAFD-BFD3-4EBC-9242-A87B77367233}.Release|Any CPU.ActiveCfg = Release|Any CPU
		{AE76AAFD-BFD3-4EBC-9242-A87B77367233}.Release|Any CPU.Build.0 = Release|Any CPU
	EndGlobalSection
EndGlobal
